// !$*UTF8*$!
{
	archiveVersion = 1;
	classes = {
	};
	objectVersion = 50;
	objects = {

/* Begin PBXBuildFile section */
		7A0C5471221F49DC002642A9 /* Fetcher.swift in Sources */ = {isa = PBXBuildFile; fileRef = 7A0C5470221F49DC002642A9 /* Fetcher.swift */; };
		7A0C5484221F6E32002642A9 /* ExploreTableViewController.swift in Sources */ = {isa = PBXBuildFile; fileRef = 7A0C5482221F6E32002642A9 /* ExploreTableViewController.swift */; };
		7A0C5485221F6E32002642A9 /* ExploreTableViewController.xib in Resources */ = {isa = PBXBuildFile; fileRef = 7A0C5483221F6E32002642A9 /* ExploreTableViewController.xib */; };
		7A0C548E221F9137002642A9 /* ArticleCacheController.swift in Sources */ = {isa = PBXBuildFile; fileRef = 7A0C548D221F9137002642A9 /* ArticleCacheController.swift */; };
		7A0C5490221FAA64002642A9 /* ArticlesController.swift in Sources */ = {isa = PBXBuildFile; fileRef = 7A0C548F221FAA64002642A9 /* ArticlesController.swift */; };
		7A218CF022203D39007C33E1 /* Cache.xcdatamodeld in Sources */ = {isa = PBXBuildFile; fileRef = 7A218CEE22203D39007C33E1 /* Cache.xcdatamodeld */; };
		7A47956E2220B9CC00E989AD /* String+SHA256.swift in Sources */ = {isa = PBXBuildFile; fileRef = 7A47956D2220B9CC00E989AD /* String+SHA256.swift */; };
		7A484278221F36C8003AEC93 /* ArticleFetcher.swift in Sources */ = {isa = PBXBuildFile; fileRef = 7A484277221F36C8003AEC93 /* ArticleFetcher.swift */; };
		7A4BF0612220722D00AE76A1 /* CacheItem+CoreDataClass.swift in Sources */ = {isa = PBXBuildFile; fileRef = 7A4BF05D2220722D00AE76A1 /* CacheItem+CoreDataClass.swift */; };
		7A4BF0632220722D00AE76A1 /* CacheGroup+CoreDataClass.swift in Sources */ = {isa = PBXBuildFile; fileRef = 7A4BF05F2220722D00AE76A1 /* CacheGroup+CoreDataClass.swift */; };
		7AC09D242224565700099FDB /* URL+KeyComponents.swift in Sources */ = {isa = PBXBuildFile; fileRef = 7AC09D232224565700099FDB /* URL+KeyComponents.swift */; };
		7AF232332224CFE500774812 /* CacheGroup+CoreDataProperties.swift in Sources */ = {isa = PBXBuildFile; fileRef = 7AF232312224CFE500774812 /* CacheGroup+CoreDataProperties.swift */; };
		7AF232342224CFE500774812 /* CacheItem+CoreDataProperties.swift in Sources */ = {isa = PBXBuildFile; fileRef = 7AF232322224CFE500774812 /* CacheItem+CoreDataProperties.swift */; };
		D8C271D921B9612500BFD1BD /* AppDelegate.swift in Sources */ = {isa = PBXBuildFile; fileRef = D8C271D821B9612500BFD1BD /* AppDelegate.swift */; };
		D8C271E021B9612600BFD1BD /* Assets.xcassets in Resources */ = {isa = PBXBuildFile; fileRef = D8C271DF21B9612600BFD1BD /* Assets.xcassets */; };
		D8C271E321B9612600BFD1BD /* LaunchScreen.storyboard in Resources */ = {isa = PBXBuildFile; fileRef = D8C271E121B9612600BFD1BD /* LaunchScreen.storyboard */; };
		D8C271EB21B9618400BFD1BD /* WebViewController.swift in Sources */ = {isa = PBXBuildFile; fileRef = D8C271EA21B9618400BFD1BD /* WebViewController.swift */; };
		D8C271ED21B961C300BFD1BD /* Session.swift in Sources */ = {isa = PBXBuildFile; fileRef = D8C271EC21B961C300BFD1BD /* Session.swift */; };
		D8C271EF21B961D100BFD1BD /* SchemeHandler.swift in Sources */ = {isa = PBXBuildFile; fileRef = D8C271EE21B961D100BFD1BD /* SchemeHandler.swift */; };
		D8C271F121B9623600BFD1BD /* UIView+ConstrainedSubview.swift in Sources */ = {isa = PBXBuildFile; fileRef = D8C271F021B9623600BFD1BD /* UIView+ConstrainedSubview.swift */; };
		D8C271F521BAA40E00BFD1BD /* PermanentlyPersistableURLCache.swift in Sources */ = {isa = PBXBuildFile; fileRef = D8C271F421BAA40D00BFD1BD /* PermanentlyPersistableURLCache.swift */; };
		D8C271F921BAAFCB00BFD1BD /* Configuration.swift in Sources */ = {isa = PBXBuildFile; fileRef = D8C271F821BAAFCB00BFD1BD /* Configuration.swift */; };
		D8C271FB21BAAFFA00BFD1BD /* URLComponents+Extensions.swift in Sources */ = {isa = PBXBuildFile; fileRef = D8C271FA21BAAFFA00BFD1BD /* URLComponents+Extensions.swift */; };
		D8C271FD21BAB01400BFD1BD /* String+Domains.swift in Sources */ = {isa = PBXBuildFile; fileRef = D8C271FC21BAB01400BFD1BD /* String+Domains.swift */; };
		D8C271FF21BAB05600BFD1BD /* CharacterSet+Extensions.swift in Sources */ = {isa = PBXBuildFile; fileRef = D8C271FE21BAB05600BFD1BD /* CharacterSet+Extensions.swift */; };
/* End PBXBuildFile section */

/* Begin PBXFileReference section */
		7A0C5470221F49DC002642A9 /* Fetcher.swift */ = {isa = PBXFileReference; lastKnownFileType = sourcecode.swift; name = Fetcher.swift; path = "/Users/nharateh/Developer/wikipedia-ios-lite/lite/Fetcher.swift"; sourceTree = "<absolute>"; };
		7A0C5482221F6E32002642A9 /* ExploreTableViewController.swift */ = {isa = PBXFileReference; lastKnownFileType = sourcecode.swift; path = ExploreTableViewController.swift; sourceTree = "<group>"; };
		7A0C5483221F6E32002642A9 /* ExploreTableViewController.xib */ = {isa = PBXFileReference; lastKnownFileType = file.xib; path = ExploreTableViewController.xib; sourceTree = "<group>"; };
		7A0C548D221F9137002642A9 /* ArticleCacheController.swift */ = {isa = PBXFileReference; lastKnownFileType = sourcecode.swift; path = ArticleCacheController.swift; sourceTree = "<group>"; };
		7A0C548F221FAA64002642A9 /* ArticlesController.swift */ = {isa = PBXFileReference; lastKnownFileType = sourcecode.swift; path = ArticlesController.swift; sourceTree = "<group>"; };
		7A218CEF22203D39007C33E1 /* Cache.xcdatamodel */ = {isa = PBXFileReference; lastKnownFileType = wrapper.xcdatamodel; path = Cache.xcdatamodel; sourceTree = "<group>"; };
		7A47956D2220B9CC00E989AD /* String+SHA256.swift */ = {isa = PBXFileReference; lastKnownFileType = sourcecode.swift; path = "String+SHA256.swift"; sourceTree = "<group>"; };
		7A484277221F36C8003AEC93 /* ArticleFetcher.swift */ = {isa = PBXFileReference; lastKnownFileType = sourcecode.swift; path = ArticleFetcher.swift; sourceTree = "<group>"; };
		7A4BF05D2220722D00AE76A1 /* CacheItem+CoreDataClass.swift */ = {isa = PBXFileReference; lastKnownFileType = sourcecode.swift; path = "CacheItem+CoreDataClass.swift"; sourceTree = "<group>"; };
		7A4BF05F2220722D00AE76A1 /* CacheGroup+CoreDataClass.swift */ = {isa = PBXFileReference; lastKnownFileType = sourcecode.swift; path = "CacheGroup+CoreDataClass.swift"; sourceTree = "<group>"; };
		7AC09D232224565700099FDB /* URL+KeyComponents.swift */ = {isa = PBXFileReference; lastKnownFileType = sourcecode.swift; path = "URL+KeyComponents.swift"; sourceTree = "<group>"; };
		7AF232312224CFE500774812 /* CacheGroup+CoreDataProperties.swift */ = {isa = PBXFileReference; lastKnownFileType = sourcecode.swift; path = "CacheGroup+CoreDataProperties.swift"; sourceTree = "<group>"; };
		7AF232322224CFE500774812 /* CacheItem+CoreDataProperties.swift */ = {isa = PBXFileReference; lastKnownFileType = sourcecode.swift; path = "CacheItem+CoreDataProperties.swift"; sourceTree = "<group>"; };
		D8C271D521B9612500BFD1BD /* lite.app */ = {isa = PBXFileReference; explicitFileType = wrapper.application; includeInIndex = 0; path = lite.app; sourceTree = BUILT_PRODUCTS_DIR; };
		D8C271D821B9612500BFD1BD /* AppDelegate.swift */ = {isa = PBXFileReference; lastKnownFileType = sourcecode.swift; path = AppDelegate.swift; sourceTree = "<group>"; };
		D8C271DF21B9612600BFD1BD /* Assets.xcassets */ = {isa = PBXFileReference; lastKnownFileType = folder.assetcatalog; path = Assets.xcassets; sourceTree = "<group>"; };
		D8C271E221B9612600BFD1BD /* Base */ = {isa = PBXFileReference; lastKnownFileType = file.storyboard; name = Base; path = Base.lproj/LaunchScreen.storyboard; sourceTree = "<group>"; };
		D8C271E421B9612600BFD1BD /* Info.plist */ = {isa = PBXFileReference; lastKnownFileType = text.plist.xml; path = Info.plist; sourceTree = "<group>"; };
		D8C271EA21B9618400BFD1BD /* WebViewController.swift */ = {isa = PBXFileReference; lastKnownFileType = sourcecode.swift; path = WebViewController.swift; sourceTree = "<group>"; };
		D8C271EC21B961C300BFD1BD /* Session.swift */ = {isa = PBXFileReference; lastKnownFileType = sourcecode.swift; path = Session.swift; sourceTree = "<group>"; };
		D8C271EE21B961D100BFD1BD /* SchemeHandler.swift */ = {isa = PBXFileReference; lastKnownFileType = sourcecode.swift; path = SchemeHandler.swift; sourceTree = "<group>"; };
		D8C271F021B9623600BFD1BD /* UIView+ConstrainedSubview.swift */ = {isa = PBXFileReference; fileEncoding = 4; lastKnownFileType = sourcecode.swift; path = "UIView+ConstrainedSubview.swift"; sourceTree = "<group>"; };
		D8C271F421BAA40D00BFD1BD /* PermanentlyPersistableURLCache.swift */ = {isa = PBXFileReference; lastKnownFileType = sourcecode.swift; path = PermanentlyPersistableURLCache.swift; sourceTree = "<group>"; };
		D8C271F821BAAFCB00BFD1BD /* Configuration.swift */ = {isa = PBXFileReference; fileEncoding = 4; lastKnownFileType = sourcecode.swift; path = Configuration.swift; sourceTree = "<group>"; };
		D8C271FA21BAAFFA00BFD1BD /* URLComponents+Extensions.swift */ = {isa = PBXFileReference; fileEncoding = 4; lastKnownFileType = sourcecode.swift; path = "URLComponents+Extensions.swift"; sourceTree = "<group>"; };
		D8C271FC21BAB01400BFD1BD /* String+Domains.swift */ = {isa = PBXFileReference; fileEncoding = 4; lastKnownFileType = sourcecode.swift; path = "String+Domains.swift"; sourceTree = "<group>"; };
		D8C271FE21BAB05600BFD1BD /* CharacterSet+Extensions.swift */ = {isa = PBXFileReference; lastKnownFileType = sourcecode.swift; path = "CharacterSet+Extensions.swift"; sourceTree = "<group>"; };
		D8DC9F5121BF189F00D49A12 /* Info-Local.plist */ = {isa = PBXFileReference; fileEncoding = 4; lastKnownFileType = text.plist.xml; path = "Info-Local.plist"; sourceTree = "<group>"; };
/* End PBXFileReference section */

/* Begin PBXFrameworksBuildPhase section */
		D8C271D221B9612500BFD1BD /* Frameworks */ = {
			isa = PBXFrameworksBuildPhase;
			buildActionMask = 2147483647;
			files = (
			);
			runOnlyForDeploymentPostprocessing = 0;
		};
/* End PBXFrameworksBuildPhase section */

/* Begin PBXGroup section */
		7A0C5486221F6E37002642A9 /* Throwaway */ = {
			isa = PBXGroup;
			children = (
				7A0C5482221F6E32002642A9 /* ExploreTableViewController.swift */,
				7A0C5483221F6E32002642A9 /* ExploreTableViewController.xib */,
			);
			name = Throwaway;
			path = "New Group";
			sourceTree = "<group>";
		};
		7A4BF0652220723600AE76A1 /* Cache */ = {
			isa = PBXGroup;
			children = (
				7A0C548D221F9137002642A9 /* ArticleCacheController.swift */,
				7A4BF05D2220722D00AE76A1 /* CacheItem+CoreDataClass.swift */,
				7A4BF05F2220722D00AE76A1 /* CacheGroup+CoreDataClass.swift */,
				7AF232312224CFE500774812 /* CacheGroup+CoreDataProperties.swift */,
				7AF232322224CFE500774812 /* CacheItem+CoreDataProperties.swift */,
				7A47956D2220B9CC00E989AD /* String+SHA256.swift */,
				7A218CEE22203D39007C33E1 /* Cache.xcdatamodeld */,
				7AC09D232224565700099FDB /* URL+KeyComponents.swift */,
			);
			path = Cache;
			sourceTree = "<group>";
		};
		D8C271CC21B9612500BFD1BD = {
			isa = PBXGroup;
			children = (
				D8C271D721B9612500BFD1BD /* lite */,
				D8C271D621B9612500BFD1BD /* Products */,
			);
			sourceTree = "<group>";
		};
		D8C271D621B9612500BFD1BD /* Products */ = {
			isa = PBXGroup;
			children = (
				D8C271D521B9612500BFD1BD /* lite.app */,
			);
			name = Products;
			sourceTree = "<group>";
		};
		D8C271D721B9612500BFD1BD /* lite */ = {
			isa = PBXGroup;
			children = (
				D8C271D821B9612500BFD1BD /* AppDelegate.swift */,
				D8C271FC21BAB01400BFD1BD /* String+Domains.swift */,
				D8C271FE21BAB05600BFD1BD /* CharacterSet+Extensions.swift */,
				D8C271FA21BAAFFA00BFD1BD /* URLComponents+Extensions.swift */,
				D8C271F821BAAFCB00BFD1BD /* Configuration.swift */,
				D8C271EA21B9618400BFD1BD /* WebViewController.swift */,
				7A0C548F221FAA64002642A9 /* ArticlesController.swift */,
				7A484277221F36C8003AEC93 /* ArticleFetcher.swift */,
				7A0C5470221F49DC002642A9 /* Fetcher.swift */,
				7A4BF0652220723600AE76A1 /* Cache */,
				7A0C5486221F6E37002642A9 /* Throwaway */,
				D8C271EC21B961C300BFD1BD /* Session.swift */,
				D8C271EE21B961D100BFD1BD /* SchemeHandler.swift */,
				D8C271F021B9623600BFD1BD /* UIView+ConstrainedSubview.swift */,
				D8C271F421BAA40D00BFD1BD /* PermanentlyPersistableURLCache.swift */,
				D8C271DF21B9612600BFD1BD /* Assets.xcassets */,
				D8C271E121B9612600BFD1BD /* LaunchScreen.storyboard */,
				D8C271E421B9612600BFD1BD /* Info.plist */,
				D8DC9F5121BF189F00D49A12 /* Info-Local.plist */,
			);
			path = lite;
			sourceTree = "<group>";
		};
/* End PBXGroup section */

/* Begin PBXNativeTarget section */
		D8C271D421B9612500BFD1BD /* lite */ = {
			isa = PBXNativeTarget;
			buildConfigurationList = D8C271E721B9612600BFD1BD /* Build configuration list for PBXNativeTarget "lite" */;
			buildPhases = (
				D8C271D121B9612500BFD1BD /* Sources */,
				D8C271D221B9612500BFD1BD /* Frameworks */,
				D8C271D321B9612500BFD1BD /* Resources */,
			);
			buildRules = (
			);
			dependencies = (
			);
			name = lite;
			productName = lite;
			productReference = D8C271D521B9612500BFD1BD /* lite.app */;
			productType = "com.apple.product-type.application";
		};
/* End PBXNativeTarget section */

/* Begin PBXProject section */
		D8C271CD21B9612500BFD1BD /* Project object */ = {
			isa = PBXProject;
			attributes = {
				LastSwiftUpdateCheck = 1010;
				LastUpgradeCheck = 1010;
				ORGANIZATIONNAME = "Wikimedia Foundation";
				TargetAttributes = {
					D8C271D421B9612500BFD1BD = {
						CreatedOnToolsVersion = 10.1;
					};
				};
			};
			buildConfigurationList = D8C271D021B9612500BFD1BD /* Build configuration list for PBXProject "lite" */;
			compatibilityVersion = "Xcode 9.3";
			developmentRegion = en;
			hasScannedForEncodings = 0;
			knownRegions = (
				en,
				Base,
			);
			mainGroup = D8C271CC21B9612500BFD1BD;
			productRefGroup = D8C271D621B9612500BFD1BD /* Products */;
			projectDirPath = "";
			projectRoot = "";
			targets = (
				D8C271D421B9612500BFD1BD /* lite */,
			);
		};
/* End PBXProject section */

/* Begin PBXResourcesBuildPhase section */
		D8C271D321B9612500BFD1BD /* Resources */ = {
			isa = PBXResourcesBuildPhase;
			buildActionMask = 2147483647;
			files = (
				7A0C5485221F6E32002642A9 /* ExploreTableViewController.xib in Resources */,
				D8C271E321B9612600BFD1BD /* LaunchScreen.storyboard in Resources */,
				D8C271E021B9612600BFD1BD /* Assets.xcassets in Resources */,
			);
			runOnlyForDeploymentPostprocessing = 0;
		};
/* End PBXResourcesBuildPhase section */

/* Begin PBXSourcesBuildPhase section */
		D8C271D121B9612500BFD1BD /* Sources */ = {
			isa = PBXSourcesBuildPhase;
			buildActionMask = 2147483647;
			files = (
				7A4BF0612220722D00AE76A1 /* CacheItem+CoreDataClass.swift in Sources */,
				D8C271F121B9623600BFD1BD /* UIView+ConstrainedSubview.swift in Sources */,
				D8C271D921B9612500BFD1BD /* AppDelegate.swift in Sources */,
				7A0C5484221F6E32002642A9 /* ExploreTableViewController.swift in Sources */,
				D8C271FB21BAAFFA00BFD1BD /* URLComponents+Extensions.swift in Sources */,
				7A484278221F36C8003AEC93 /* ArticleFetcher.swift in Sources */,
				7A47956E2220B9CC00E989AD /* String+SHA256.swift in Sources */,
				D8C271EF21B961D100BFD1BD /* SchemeHandler.swift in Sources */,
				7AC09D242224565700099FDB /* URL+KeyComponents.swift in Sources */,
				7AF232332224CFE500774812 /* CacheGroup+CoreDataProperties.swift in Sources */,
				7A0C5471221F49DC002642A9 /* Fetcher.swift in Sources */,
				D8C271F521BAA40E00BFD1BD /* PermanentlyPersistableURLCache.swift in Sources */,
				7A0C5490221FAA64002642A9 /* ArticlesController.swift in Sources */,
				D8C271FF21BAB05600BFD1BD /* CharacterSet+Extensions.swift in Sources */,
				7A0C548E221F9137002642A9 /* ArticleCacheController.swift in Sources */,
				D8C271FD21BAB01400BFD1BD /* String+Domains.swift in Sources */,
				D8C271EB21B9618400BFD1BD /* WebViewController.swift in Sources */,
				7AF232342224CFE500774812 /* CacheItem+CoreDataProperties.swift in Sources */,
				7A4BF0632220722D00AE76A1 /* CacheGroup+CoreDataClass.swift in Sources */,
				D8C271F921BAAFCB00BFD1BD /* Configuration.swift in Sources */,
				7A218CF022203D39007C33E1 /* Cache.xcdatamodeld in Sources */,
				D8C271ED21B961C300BFD1BD /* Session.swift in Sources */,
			);
			runOnlyForDeploymentPostprocessing = 0;
		};
/* End PBXSourcesBuildPhase section */

/* Begin PBXVariantGroup section */
		D8C271E121B9612600BFD1BD /* LaunchScreen.storyboard */ = {
			isa = PBXVariantGroup;
			children = (
				D8C271E221B9612600BFD1BD /* Base */,
			);
			name = LaunchScreen.storyboard;
			sourceTree = "<group>";
		};
/* End PBXVariantGroup section */

/* Begin XCBuildConfiguration section */
		D8C271E521B9612600BFD1BD /* Debug */ = {
			isa = XCBuildConfiguration;
			buildSettings = {
				ALWAYS_SEARCH_USER_PATHS = NO;
				CLANG_ANALYZER_NONNULL = YES;
				CLANG_ANALYZER_NUMBER_OBJECT_CONVERSION = YES_AGGRESSIVE;
				CLANG_CXX_LANGUAGE_STANDARD = "gnu++14";
				CLANG_CXX_LIBRARY = "libc++";
				CLANG_ENABLE_MODULES = YES;
				CLANG_ENABLE_OBJC_ARC = YES;
				CLANG_ENABLE_OBJC_WEAK = YES;
				CLANG_WARN_BLOCK_CAPTURE_AUTORELEASING = YES;
				CLANG_WARN_BOOL_CONVERSION = YES;
				CLANG_WARN_COMMA = YES;
				CLANG_WARN_CONSTANT_CONVERSION = YES;
				CLANG_WARN_DEPRECATED_OBJC_IMPLEMENTATIONS = YES;
				CLANG_WARN_DIRECT_OBJC_ISA_USAGE = YES_ERROR;
				CLANG_WARN_DOCUMENTATION_COMMENTS = YES;
				CLANG_WARN_EMPTY_BODY = YES;
				CLANG_WARN_ENUM_CONVERSION = YES;
				CLANG_WARN_INFINITE_RECURSION = YES;
				CLANG_WARN_INT_CONVERSION = YES;
				CLANG_WARN_NON_LITERAL_NULL_CONVERSION = YES;
				CLANG_WARN_OBJC_IMPLICIT_RETAIN_SELF = YES;
				CLANG_WARN_OBJC_LITERAL_CONVERSION = YES;
				CLANG_WARN_OBJC_ROOT_CLASS = YES_ERROR;
				CLANG_WARN_RANGE_LOOP_ANALYSIS = YES;
				CLANG_WARN_STRICT_PROTOTYPES = YES;
				CLANG_WARN_SUSPICIOUS_MOVE = YES;
				CLANG_WARN_UNGUARDED_AVAILABILITY = YES_AGGRESSIVE;
				CLANG_WARN_UNREACHABLE_CODE = YES;
				CLANG_WARN__DUPLICATE_METHOD_MATCH = YES;
				CODE_SIGN_IDENTITY = "iPhone Developer";
				COPY_PHASE_STRIP = NO;
				DEBUG_INFORMATION_FORMAT = dwarf;
				ENABLE_STRICT_OBJC_MSGSEND = YES;
				ENABLE_TESTABILITY = YES;
				GCC_C_LANGUAGE_STANDARD = gnu11;
				GCC_DYNAMIC_NO_PIC = NO;
				GCC_NO_COMMON_BLOCKS = YES;
				GCC_OPTIMIZATION_LEVEL = 0;
				GCC_PREPROCESSOR_DEFINITIONS = (
					"DEBUG=1",
					"$(inherited)",
				);
				GCC_WARN_64_TO_32_BIT_CONVERSION = YES;
				GCC_WARN_ABOUT_RETURN_TYPE = YES_ERROR;
				GCC_WARN_UNDECLARED_SELECTOR = YES;
				GCC_WARN_UNINITIALIZED_AUTOS = YES_AGGRESSIVE;
				GCC_WARN_UNUSED_FUNCTION = YES;
				GCC_WARN_UNUSED_VARIABLE = YES;
				IPHONEOS_DEPLOYMENT_TARGET = 12.1;
				MTL_ENABLE_DEBUG_INFO = INCLUDE_SOURCE;
				MTL_FAST_MATH = YES;
				ONLY_ACTIVE_ARCH = YES;
				SDKROOT = iphoneos;
				SWIFT_ACTIVE_COMPILATION_CONDITIONS = DEBUG;
				SWIFT_OPTIMIZATION_LEVEL = "-Onone";
			};
			name = Debug;
		};
		D8C271E621B9612600BFD1BD /* Release */ = {
			isa = XCBuildConfiguration;
			buildSettings = {
				ALWAYS_SEARCH_USER_PATHS = NO;
				CLANG_ANALYZER_NONNULL = YES;
				CLANG_ANALYZER_NUMBER_OBJECT_CONVERSION = YES_AGGRESSIVE;
				CLANG_CXX_LANGUAGE_STANDARD = "gnu++14";
				CLANG_CXX_LIBRARY = "libc++";
				CLANG_ENABLE_MODULES = YES;
				CLANG_ENABLE_OBJC_ARC = YES;
				CLANG_ENABLE_OBJC_WEAK = YES;
				CLANG_WARN_BLOCK_CAPTURE_AUTORELEASING = YES;
				CLANG_WARN_BOOL_CONVERSION = YES;
				CLANG_WARN_COMMA = YES;
				CLANG_WARN_CONSTANT_CONVERSION = YES;
				CLANG_WARN_DEPRECATED_OBJC_IMPLEMENTATIONS = YES;
				CLANG_WARN_DIRECT_OBJC_ISA_USAGE = YES_ERROR;
				CLANG_WARN_DOCUMENTATION_COMMENTS = YES;
				CLANG_WARN_EMPTY_BODY = YES;
				CLANG_WARN_ENUM_CONVERSION = YES;
				CLANG_WARN_INFINITE_RECURSION = YES;
				CLANG_WARN_INT_CONVERSION = YES;
				CLANG_WARN_NON_LITERAL_NULL_CONVERSION = YES;
				CLANG_WARN_OBJC_IMPLICIT_RETAIN_SELF = YES;
				CLANG_WARN_OBJC_LITERAL_CONVERSION = YES;
				CLANG_WARN_OBJC_ROOT_CLASS = YES_ERROR;
				CLANG_WARN_RANGE_LOOP_ANALYSIS = YES;
				CLANG_WARN_STRICT_PROTOTYPES = YES;
				CLANG_WARN_SUSPICIOUS_MOVE = YES;
				CLANG_WARN_UNGUARDED_AVAILABILITY = YES_AGGRESSIVE;
				CLANG_WARN_UNREACHABLE_CODE = YES;
				CLANG_WARN__DUPLICATE_METHOD_MATCH = YES;
				CODE_SIGN_IDENTITY = "iPhone Developer";
				COPY_PHASE_STRIP = NO;
				DEBUG_INFORMATION_FORMAT = "dwarf-with-dsym";
				ENABLE_NS_ASSERTIONS = NO;
				ENABLE_STRICT_OBJC_MSGSEND = YES;
				GCC_C_LANGUAGE_STANDARD = gnu11;
				GCC_NO_COMMON_BLOCKS = YES;
				GCC_WARN_64_TO_32_BIT_CONVERSION = YES;
				GCC_WARN_ABOUT_RETURN_TYPE = YES_ERROR;
				GCC_WARN_UNDECLARED_SELECTOR = YES;
				GCC_WARN_UNINITIALIZED_AUTOS = YES_AGGRESSIVE;
				GCC_WARN_UNUSED_FUNCTION = YES;
				GCC_WARN_UNUSED_VARIABLE = YES;
				IPHONEOS_DEPLOYMENT_TARGET = 12.1;
				MTL_ENABLE_DEBUG_INFO = NO;
				MTL_FAST_MATH = YES;
				SDKROOT = iphoneos;
				SWIFT_COMPILATION_MODE = wholemodule;
				SWIFT_OPTIMIZATION_LEVEL = "-O";
				VALIDATE_PRODUCT = YES;
			};
			name = Release;
		};
		D8C271E821B9612600BFD1BD /* Debug */ = {
			isa = XCBuildConfiguration;
			buildSettings = {
				ASSETCATALOG_COMPILER_APPICON_NAME = AppIcon;
				CODE_SIGN_STYLE = Automatic;
				DEVELOPMENT_TEAM = AKK7J2GV64;
				INFOPLIST_FILE = lite/Info.plist;
				LD_RUNPATH_SEARCH_PATHS = (
					"$(inherited)",
					"@executable_path/Frameworks",
				);
				PRODUCT_BUNDLE_IDENTIFIER = org.wikimedia.lite;
				PRODUCT_NAME = "$(TARGET_NAME)";
				SWIFT_VERSION = 4.2;
				TARGETED_DEVICE_FAMILY = "1,2";
			};
			name = Debug;
		};
		D8C271E921B9612600BFD1BD /* Release */ = {
			isa = XCBuildConfiguration;
			buildSettings = {
				ASSETCATALOG_COMPILER_APPICON_NAME = AppIcon;
				CODE_SIGN_STYLE = Automatic;
				DEVELOPMENT_TEAM = AKK7J2GV64;
				INFOPLIST_FILE = lite/Info.plist;
				LD_RUNPATH_SEARCH_PATHS = (
					"$(inherited)",
					"@executable_path/Frameworks",
				);
				PRODUCT_BUNDLE_IDENTIFIER = org.wikimedia.lite;
				PRODUCT_NAME = "$(TARGET_NAME)";
				SWIFT_VERSION = 4.2;
				TARGETED_DEVICE_FAMILY = "1,2";
			};
			name = Release;
		};
		D8DC9F4F21BF120B00D49A12 /* Debug Local */ = {
			isa = XCBuildConfiguration;
			buildSettings = {
				ALWAYS_SEARCH_USER_PATHS = NO;
				CLANG_ANALYZER_NONNULL = YES;
				CLANG_ANALYZER_NUMBER_OBJECT_CONVERSION = YES_AGGRESSIVE;
				CLANG_CXX_LANGUAGE_STANDARD = "gnu++14";
				CLANG_CXX_LIBRARY = "libc++";
				CLANG_ENABLE_MODULES = YES;
				CLANG_ENABLE_OBJC_ARC = YES;
				CLANG_ENABLE_OBJC_WEAK = YES;
				CLANG_WARN_BLOCK_CAPTURE_AUTORELEASING = YES;
				CLANG_WARN_BOOL_CONVERSION = YES;
				CLANG_WARN_COMMA = YES;
				CLANG_WARN_CONSTANT_CONVERSION = YES;
				CLANG_WARN_DEPRECATED_OBJC_IMPLEMENTATIONS = YES;
				CLANG_WARN_DIRECT_OBJC_ISA_USAGE = YES_ERROR;
				CLANG_WARN_DOCUMENTATION_COMMENTS = YES;
				CLANG_WARN_EMPTY_BODY = YES;
				CLANG_WARN_ENUM_CONVERSION = YES;
				CLANG_WARN_INFINITE_RECURSION = YES;
				CLANG_WARN_INT_CONVERSION = YES;
				CLANG_WARN_NON_LITERAL_NULL_CONVERSION = YES;
				CLANG_WARN_OBJC_IMPLICIT_RETAIN_SELF = YES;
				CLANG_WARN_OBJC_LITERAL_CONVERSION = YES;
				CLANG_WARN_OBJC_ROOT_CLASS = YES_ERROR;
				CLANG_WARN_RANGE_LOOP_ANALYSIS = YES;
				CLANG_WARN_STRICT_PROTOTYPES = YES;
				CLANG_WARN_SUSPICIOUS_MOVE = YES;
				CLANG_WARN_UNGUARDED_AVAILABILITY = YES_AGGRESSIVE;
				CLANG_WARN_UNREACHABLE_CODE = YES;
				CLANG_WARN__DUPLICATE_METHOD_MATCH = YES;
				CODE_SIGN_IDENTITY = "iPhone Developer";
				COPY_PHASE_STRIP = NO;
				DEBUG_INFORMATION_FORMAT = dwarf;
				ENABLE_STRICT_OBJC_MSGSEND = YES;
				ENABLE_TESTABILITY = YES;
				GCC_C_LANGUAGE_STANDARD = gnu11;
				GCC_DYNAMIC_NO_PIC = NO;
				GCC_NO_COMMON_BLOCKS = YES;
				GCC_OPTIMIZATION_LEVEL = 0;
				GCC_PREPROCESSOR_DEFINITIONS = (
					"DEBUG=1",
					"$(inherited)",
				);
				GCC_WARN_64_TO_32_BIT_CONVERSION = YES;
				GCC_WARN_ABOUT_RETURN_TYPE = YES_ERROR;
				GCC_WARN_UNDECLARED_SELECTOR = YES;
				GCC_WARN_UNINITIALIZED_AUTOS = YES_AGGRESSIVE;
				GCC_WARN_UNUSED_FUNCTION = YES;
				GCC_WARN_UNUSED_VARIABLE = YES;
				IPHONEOS_DEPLOYMENT_TARGET = 12.1;
				MTL_ENABLE_DEBUG_INFO = INCLUDE_SOURCE;
				MTL_FAST_MATH = YES;
				ONLY_ACTIVE_ARCH = YES;
				OTHER_SWIFT_FLAGS = "-DWMF_LOCAL";
				SDKROOT = iphoneos;
				SWIFT_ACTIVE_COMPILATION_CONDITIONS = DEBUG;
				SWIFT_OPTIMIZATION_LEVEL = "-Onone";
			};
			name = "Debug Local";
		};
		D8DC9F5021BF120B00D49A12 /* Debug Local */ = {
			isa = XCBuildConfiguration;
			buildSettings = {
				ASSETCATALOG_COMPILER_APPICON_NAME = AppIcon;
				CODE_SIGN_STYLE = Automatic;
				DEVELOPMENT_TEAM = AKK7J2GV64;
				INFOPLIST_FILE = "lite/Info-Local.plist";
				LD_RUNPATH_SEARCH_PATHS = (
					"$(inherited)",
					"@executable_path/Frameworks",
				);
				PRODUCT_BUNDLE_IDENTIFIER = org.wikimedia.lite;
				PRODUCT_NAME = "$(TARGET_NAME)";
				SWIFT_VERSION = 4.2;
				TARGETED_DEVICE_FAMILY = "1,2";
			};
			name = "Debug Local";
		};
/* End XCBuildConfiguration section */

/* Begin XCConfigurationList section */
		D8C271D021B9612500BFD1BD /* Build configuration list for PBXProject "lite" */ = {
			isa = XCConfigurationList;
			buildConfigurations = (
				D8C271E521B9612600BFD1BD /* Debug */,
				D8DC9F4F21BF120B00D49A12 /* Debug Local */,
				D8C271E621B9612600BFD1BD /* Release */,
			);
			defaultConfigurationIsVisible = 0;
			defaultConfigurationName = Release;
		};
		D8C271E721B9612600BFD1BD /* Build configuration list for PBXNativeTarget "lite" */ = {
			isa = XCConfigurationList;
			buildConfigurations = (
				D8C271E821B9612600BFD1BD /* Debug */,
				D8DC9F5021BF120B00D49A12 /* Debug Local */,
				D8C271E921B9612600BFD1BD /* Release */,
			);
			defaultConfigurationIsVisible = 0;
			defaultConfigurationName = Release;
		};
/* End XCConfigurationList section */

/* Begin XCVersionGroup section */
		7A218CEE22203D39007C33E1 /* Cache.xcdatamodeld */ = {
			isa = XCVersionGroup;
			children = (
				7A218CEF22203D39007C33E1 /* Cache.xcdatamodel */,
			);
			currentVersion = 7A218CEF22203D39007C33E1 /* Cache.xcdatamodel */;
			path = Cache.xcdatamodeld;
			sourceTree = "<group>";
			versionGroupType = wrapper.xcdatamodel;
		};
/* End XCVersionGroup section */
	};
	rootObject = D8C271CD21B9612500BFD1BD /* Project object */;
}
